<?xml version="1.0" encoding="utf-8"?>
<Project ToolsVersion="4.0" xmlns="http://schemas.microsoft.com/developer/msbuild/2003">
  <ItemGroup>
    <Filter Include="Camera">
      <UniqueIdentifier>{2e71b722-29a9-42a9-9687-ea12336f2584}</UniqueIdentifier>
    </Filter>
    <Filter Include="Renderables">
      <UniqueIdentifier>{973ae9d8-d09e-4e9c-bdbd-46a1a57f9cac}</UniqueIdentifier>
    </Filter>
    <Filter Include="ShaderEngine">
      <UniqueIdentifier>{d79959e0-5a69-4b28-abf3-29bb1b0edd92}</UniqueIdentifier>
    </Filter>
    <Filter Include="Shaders">
      <UniqueIdentifier>{59432f32-fc1a-406f-8a98-aabeeef88183}</UniqueIdentifier>
    </Filter>
    <Filter Include="Helpers">
      <UniqueIdentifier>{c104cf40-8c64-430d-aa61-91dd6a12ba52}</UniqueIdentifier>
    </Filter>
    <Filter Include="ObjectSystem">
      <UniqueIdentifier>{c24d4cf3-2302-403e-b5ba-97ee1cb4b08a}</UniqueIdentifier>
    </Filter>
    <Filter Include="Scene">
      <UniqueIdentifier>{a6d838d3-fb73-4ed7-845d-a646eccc1a2c}</UniqueIdentifier>
    </Filter>
  </ItemGroup>
  <ItemGroup>
    <ClCompile Include="Camera\Camera.cpp">
      <Filter>Camera</Filter>
    </ClCompile>
    <ClCompile Include="main.cpp" />
    <ClCompile Include="Renderables\GLGrid.cpp">
      <Filter>Renderables</Filter>
    </ClCompile>
    <ClCompile Include="Scene\Scene.cpp">
      <Filter>Scene</Filter>
    </ClCompile>
    <ClCompile Include="Renderables\GLCubeNormal.cpp">
      <Filter>Renderables</Filter>
    </ClCompile>
    <ClCompile Include="ShaderEngine\GLSLShader.cpp">
      <Filter>ShaderEngine</Filter>
    </ClCompile>
    <ClCompile Include="Renderables\Mesh.cpp">
      <Filter>Renderables</Filter>
    </ClCompile>
    <ClCompile Include="Renderables\Model.cpp">
      <Filter>Renderables</Filter>
    </ClCompile>
    <ClCompile Include="ObjectSystem\GameObject.cpp">
      <Filter>ObjectSystem</Filter>
    </ClCompile>
    <ClCompile Include="Renderables\GLLight.cpp">
      <Filter>Renderables</Filter>
    </ClCompile>
    <ClCompile Include="ObjectSystem\StaticObject.cpp">
      <Filter>ObjectSystem</Filter>
    </ClCompile>
    <ClCompile Include="ObjectSystem\PointLightObject.cpp">
      <Filter>ObjectSystem</Filter>
    </ClCompile>
    <ClCompile Include="ObjectSystem\LightsManager.cpp">
      <Filter>ObjectSystem</Filter>
    </ClCompile>
    <ClCompile Include="Renderables\GLCube.cpp">
      <Filter>Renderables</Filter>
    </ClCompile>
    <ClCompile Include="ObjectSystem\DirectionalLightObject.cpp">
      <Filter>ObjectSystem</Filter>
    </ClCompile>
    <ClCompile Include="Renderables\Framebuffer.cpp">
      <Filter>Renderables</Filter>
    </ClCompile>
  </ItemGroup>
  <ItemGroup>
    <ClInclude Include="Camera\Camera.h">
      <Filter>Camera</Filter>
    </ClInclude>
    <ClInclude Include="Renderables\GLCube.h">
      <Filter>Renderables</Filter>
    </ClInclude>
    <ClInclude Include="Helpers\VertexStructures.h">
      <Filter>Helpers</Filter>
    </ClInclude>
    <ClInclude Include="ObjectSystem\IObject.h">
      <Filter>ObjectSystem</Filter>
    </ClInclude>
    <ClInclude Include="ObjectSystem\GameObject.h">
      <Filter>ObjectSystem</Filter>
    </ClInclude>
    <ClInclude Include="Renderables\GLGrid.h">
      <Filter>Renderables</Filter>
    </ClInclude>
    <ClInclude Include="Scene\Scene.h">
      <Filter>Scene</Filter>
    </ClInclude>
    <ClInclude Include="Renderables\GLCubeNormal.h">
      <Filter>Renderables</Filter>
    </ClInclude>
    <ClInclude Include="Helpers\Helper.h">
      <Filter>Helpers</Filter>
    </ClInclude>
    <ClInclude Include="Renderables\Mesh.h">
      <Filter>Renderables</Filter>
    </ClInclude>
    <ClInclude Include="ShaderEngine\GLSLShader.h">
      <Filter>ShaderEngine</Filter>
    </ClInclude>
    <ClInclude Include="Renderables\Model.h">
      <Filter>Renderables</Filter>
    </ClInclude>
    <ClInclude Include="Renderables\GLPointLight.h">
      <Filter>Renderables</Filter>
    </ClInclude>
    <ClInclude Include="Renderables\GLLight.h">
      <Filter>Renderables</Filter>
    </ClInclude>
    <ClInclude Include="ObjectSystem\StaticObject.h">
      <Filter>ObjectSystem</Filter>
    </ClInclude>
    <ClInclude Include="ObjectSystem\PointLightObject.h">
      <Filter>ObjectSystem</Filter>
    </ClInclude>
    <ClInclude Include="ObjectSystem\LightsManager.h">
      <Filter>ObjectSystem</Filter>
    </ClInclude>
    <ClInclude Include="ObjectSystem\DirectionalLightObject.h">
      <Filter>ObjectSystem</Filter>
    </ClInclude>
    <ClInclude Include="Renderables\FrameBuffer.h">
      <Filter>Renderables</Filter>
    </ClInclude>
  </ItemGroup>
  <ItemGroup>
    <None Include="Shaders\ps.glsl">
      <Filter>Shaders</Filter>
    </None>
    <None Include="Shaders\vs.glsl">
      <Filter>Shaders</Filter>
    </None>
    <None Include="Shaders\psLighting.glsl">
      <Filter>Shaders</Filter>
    </None>
    <None Include="Shaders\vsLighting.glsl">
      <Filter>Shaders</Filter>
    </None>
    <None Include="Shaders\vsAmbient.glsl">
      <Filter>Shaders</Filter>
    </None>
    <None Include="Shaders\psAmbient.glsl">
      <Filter>Shaders</Filter>
    </None>
    <None Include="Shaders\psDiffuse.glsl">
      <Filter>Shaders</Filter>
    </None>
    <None Include="Shaders\vsDiffuse.glsl">
      <Filter>Shaders</Filter>
    </None>
    <None Include="Shaders\psUberShader.glsl">
      <Filter>Shaders</Filter>
    </None>
    <None Include="Shaders\vsUberShader.glsl">
      <Filter>Shaders</Filter>
    </None>
    <None Include="ClassDiagram.cd" />
    <None Include="Shaders\psOutline.glsl">
      <Filter>Shaders</Filter>
    </None>
    <None Include="Shaders\vsOutline.glsl">
      <Filter>Shaders</Filter>
    </None>
    <None Include="Shaders\psFramebuffer.glsl">
      <Filter>Shaders</Filter>
    </None>
    <None Include="Shaders\vsFramebuffer.glsl">
      <Filter>Shaders</Filter>
    </None>
  </ItemGroup>
</Project>